
Microsoft Visual Studio Solution File, Format Version 12.00
# Visual Studio 15
VisualStudioVersion = 15.0.27004.2005
MinimumVisualStudioVersion = 10.0.40219.1
Project("{FAE04EC0-301F-11D3-BF4B-00C04F79EFBC}") = "f14.AspNetCore", "f14.AspNetCore\f14.AspNetCore.csproj", "{55AF0A20-C0E5-4043-AF52-65E096490E6C}"
EndProject
Project("{2150E333-8FDC-42A3-9474-1A3956D46DE8}") = "test", "test", "{93D0BB1F-D99E-4875-A2ED-245EAD5A8449}"
EndProject
Project("{FAE04EC0-301F-11D3-BF4B-00C04F79EFBC}") = "f14.AspNetCore.Data", "f14.AspNetCore.Data\f14.AspNetCore.Data.csproj", "{5B7C52C5-7217-4FCC-B62C-E7547F7C533F}"
EndProject
Global
	GlobalSection(SolutionConfigurationPlatforms) = preSolution
		Debug|Any CPU = Debug|Any CPU
		Release|Any CPU = Release|Any CPU
	EndGlobalSection
	GlobalSection(ProjectConfigurationPlatforms) = postSolution
		{55AF0A20-C0E5-4043-AF52-65E096490E6C}.Debug|Any CPU.ActiveCfg = Debug|Any CPU
		{55AF0A20-C0E5-4043-AF52-65E096490E6C}.Debug|Any CPU.Build.0 = Debug|Any CPU
		{55AF0A20-C0E5-4043-AF52-65E096490E6C}.Release|Any CPU.ActiveCfg = Release|Any CPU
		{55AF0A20-C0E5-4043-AF52-65E096490E6C}.Release|Any CPU.Build.0 = Release|Any CPU
		{5B7C52C5-7217-4FCC-B62C-E7547F7C533F}.Debug|Any CPU.ActiveCfg = Debug|Any CPU
		{5B7C52C5-7217-4FCC-B62C-E7547F7C533F}.Debug|Any CPU.Build.0 = Debug|Any CPU
		{5B7C52C5-7217-4FCC-B62C-E7547F7C533F}.Release|Any CPU.ActiveCfg = Release|Any CPU
		{5B7C52C5-7217-4FCC-B62C-E7547F7C533F}.Release|Any CPU.Build.0 = Release|Any CPU
	EndGlobalSection
	GlobalSection(SolutionProperties) = preSolution
		HideSolutionNode = FALSE
	EndGlobalSection
	GlobalSection(ExtensibilityGlobals) = postSolution
		SolutionGuid = {87F42E08-4364-4AB1-823C-BB40BBF43E26}
	EndGlobalSection
EndGlobal
