
Microsoft Visual Studio Solution File, Format Version 12.00
# Visual Studio Version 16
VisualStudioVersion = 16.0.29209.62
MinimumVisualStudioVersion = 10.0.40219.1
Project("{9A19103F-16F7-4668-BE54-9A1E7A4F7556}") = "f14.AspNetCore", "f14.AspNetCore\f14.AspNetCore.csproj", "{55AF0A20-C0E5-4043-AF52-65E096490E6C}"
EndProject
Project("{2150E333-8FDC-42A3-9474-1A3956D46DE8}") = "test", "test", "{93D0BB1F-D99E-4875-A2ED-245EAD5A8449}"
EndProject
Project("{9A19103F-16F7-4668-BE54-9A1E7A4F7556}") = "f14.AspNetCore.Tests", "f14.AspNetCore.Tests\f14.AspNetCore.Tests.csproj", "{FC946349-8B58-4464-AE14-46016740F72C}"
EndProject
Project("{9A19103F-16F7-4668-BE54-9A1E7A4F7556}") = "f14.AspNetCore.Mail", "f14.AspNetCore.Mail\f14.AspNetCore.Mail.csproj", "{4BD45F7C-CA33-4D24-A112-3E12542189AF}"
EndProject
Project("{9A19103F-16F7-4668-BE54-9A1E7A4F7556}") = "f14.AspNetCore.Navigation", "f14.AspNetCore.Navigation\f14.AspNetCore.Navigation.csproj", "{FF3E0FBB-53BD-4002-8523-CD9A49EBFBBB}"
EndProject
Project("{9A19103F-16F7-4668-BE54-9A1E7A4F7556}") = "f14.AspNetCore.Data", "f14.AspNetCore.Data\f14.AspNetCore.Data.csproj", "{CA84181E-EEFB-4388-A5C4-5612990EF19F}"
EndProject
Project("{9A19103F-16F7-4668-BE54-9A1E7A4F7556}") = "f14.AspNetCore.Mvc", "f14.AspNetCore.Mvc\f14.AspNetCore.Mvc.csproj", "{FA1E8754-2D49-45C7-9B07-CDACB6CED905}"
EndProject
Project("{2150E333-8FDC-42A3-9474-1A3956D46DE8}") = "Samples", "Samples", "{8AE0ECAC-F2A0-4A6C-BACE-724E4A32BF17}"
EndProject
Project("{9A19103F-16F7-4668-BE54-9A1E7A4F7556}") = "ViewRenderSample", "Samples\ViewRenderSample\ViewRenderSample.csproj", "{075E2BE7-DE2A-4E58-96BD-A6EA27A41B5C}"
EndProject
Project("{9A19103F-16F7-4668-BE54-9A1E7A4F7556}") = "f14.AspNetCore.Identity", "f14.AspNetCore.Identity\f14.AspNetCore.Identity.csproj", "{A9537401-8AFB-450F-A664-A74EC2909875}"
EndProject
Project("{FAE04EC0-301F-11D3-BF4B-00C04F79EFBC}") = "f14.AspNetCore.Identity.Core", "f14.AspNetCore.Identity.Core\f14.AspNetCore.Identity.Core.csproj", "{1C7B88BB-D5A7-41F8-AF8D-BF4ACC65E9E6}"
EndProject
Global
	GlobalSection(SolutionConfigurationPlatforms) = preSolution
		Debug|Any CPU = Debug|Any CPU
		Release|Any CPU = Release|Any CPU
	EndGlobalSection
	GlobalSection(ProjectConfigurationPlatforms) = postSolution
		{55AF0A20-C0E5-4043-AF52-65E096490E6C}.Debug|Any CPU.ActiveCfg = Debug|Any CPU
		{55AF0A20-C0E5-4043-AF52-65E096490E6C}.Debug|Any CPU.Build.0 = Debug|Any CPU
		{55AF0A20-C0E5-4043-AF52-65E096490E6C}.Release|Any CPU.ActiveCfg = Release|Any CPU
		{55AF0A20-C0E5-4043-AF52-65E096490E6C}.Release|Any CPU.Build.0 = Release|Any CPU
		{FC946349-8B58-4464-AE14-46016740F72C}.Debug|Any CPU.ActiveCfg = Debug|Any CPU
		{FC946349-8B58-4464-AE14-46016740F72C}.Debug|Any CPU.Build.0 = Debug|Any CPU
		{FC946349-8B58-4464-AE14-46016740F72C}.Release|Any CPU.ActiveCfg = Release|Any CPU
		{FC946349-8B58-4464-AE14-46016740F72C}.Release|Any CPU.Build.0 = Release|Any CPU
		{4BD45F7C-CA33-4D24-A112-3E12542189AF}.Debug|Any CPU.ActiveCfg = Debug|Any CPU
		{4BD45F7C-CA33-4D24-A112-3E12542189AF}.Debug|Any CPU.Build.0 = Debug|Any CPU
		{4BD45F7C-CA33-4D24-A112-3E12542189AF}.Release|Any CPU.ActiveCfg = Release|Any CPU
		{4BD45F7C-CA33-4D24-A112-3E12542189AF}.Release|Any CPU.Build.0 = Release|Any CPU
		{FF3E0FBB-53BD-4002-8523-CD9A49EBFBBB}.Debug|Any CPU.ActiveCfg = Debug|Any CPU
		{FF3E0FBB-53BD-4002-8523-CD9A49EBFBBB}.Debug|Any CPU.Build.0 = Debug|Any CPU
		{FF3E0FBB-53BD-4002-8523-CD9A49EBFBBB}.Release|Any CPU.ActiveCfg = Release|Any CPU
		{FF3E0FBB-53BD-4002-8523-CD9A49EBFBBB}.Release|Any CPU.Build.0 = Release|Any CPU
		{CA84181E-EEFB-4388-A5C4-5612990EF19F}.Debug|Any CPU.ActiveCfg = Debug|Any CPU
		{CA84181E-EEFB-4388-A5C4-5612990EF19F}.Debug|Any CPU.Build.0 = Debug|Any CPU
		{CA84181E-EEFB-4388-A5C4-5612990EF19F}.Release|Any CPU.ActiveCfg = Release|Any CPU
		{CA84181E-EEFB-4388-A5C4-5612990EF19F}.Release|Any CPU.Build.0 = Release|Any CPU
		{FA1E8754-2D49-45C7-9B07-CDACB6CED905}.Debug|Any CPU.ActiveCfg = Debug|Any CPU
		{FA1E8754-2D49-45C7-9B07-CDACB6CED905}.Debug|Any CPU.Build.0 = Debug|Any CPU
		{FA1E8754-2D49-45C7-9B07-CDACB6CED905}.Release|Any CPU.ActiveCfg = Release|Any CPU
		{FA1E8754-2D49-45C7-9B07-CDACB6CED905}.Release|Any CPU.Build.0 = Release|Any CPU
		{075E2BE7-DE2A-4E58-96BD-A6EA27A41B5C}.Debug|Any CPU.ActiveCfg = Debug|Any CPU
		{075E2BE7-DE2A-4E58-96BD-A6EA27A41B5C}.Debug|Any CPU.Build.0 = Debug|Any CPU
		{075E2BE7-DE2A-4E58-96BD-A6EA27A41B5C}.Release|Any CPU.ActiveCfg = Release|Any CPU
		{075E2BE7-DE2A-4E58-96BD-A6EA27A41B5C}.Release|Any CPU.Build.0 = Release|Any CPU
		{A9537401-8AFB-450F-A664-A74EC2909875}.Debug|Any CPU.ActiveCfg = Debug|Any CPU
		{A9537401-8AFB-450F-A664-A74EC2909875}.Debug|Any CPU.Build.0 = Debug|Any CPU
		{A9537401-8AFB-450F-A664-A74EC2909875}.Release|Any CPU.ActiveCfg = Release|Any CPU
		{A9537401-8AFB-450F-A664-A74EC2909875}.Release|Any CPU.Build.0 = Release|Any CPU
		{1C7B88BB-D5A7-41F8-AF8D-BF4ACC65E9E6}.Debug|Any CPU.ActiveCfg = Debug|Any CPU
		{1C7B88BB-D5A7-41F8-AF8D-BF4ACC65E9E6}.Debug|Any CPU.Build.0 = Debug|Any CPU
		{1C7B88BB-D5A7-41F8-AF8D-BF4ACC65E9E6}.Release|Any CPU.ActiveCfg = Release|Any CPU
		{1C7B88BB-D5A7-41F8-AF8D-BF4ACC65E9E6}.Release|Any CPU.Build.0 = Release|Any CPU
	EndGlobalSection
	GlobalSection(SolutionProperties) = preSolution
		HideSolutionNode = FALSE
	EndGlobalSection
	GlobalSection(NestedProjects) = preSolution
		{FC946349-8B58-4464-AE14-46016740F72C} = {93D0BB1F-D99E-4875-A2ED-245EAD5A8449}
		{075E2BE7-DE2A-4E58-96BD-A6EA27A41B5C} = {8AE0ECAC-F2A0-4A6C-BACE-724E4A32BF17}
	EndGlobalSection
	GlobalSection(ExtensibilityGlobals) = postSolution
		SolutionGuid = {87F42E08-4364-4AB1-823C-BB40BBF43E26}
	EndGlobalSection
EndGlobal
